// !$*UTF8*$!
{
	archiveVersion = 1;
	classes = {
	};
	objectVersion = 50;
	objects = {

/* Begin PBXBuildFile section */
		170BFC4927012B51001D242A /* Nation.swift in Sources */ = {isa = PBXBuildFile; fileRef = 170BFC4827012B51001D242A /* Nation.swift */; };
		171FCDB726FE5ED100A69F79 /* AppDelegate.swift in Sources */ = {isa = PBXBuildFile; fileRef = 171FCDB626FE5ED100A69F79 /* AppDelegate.swift */; };
		171FCDB926FE5ED100A69F79 /* SceneDelegate.swift in Sources */ = {isa = PBXBuildFile; fileRef = 171FCDB826FE5ED100A69F79 /* SceneDelegate.swift */; };
		171FCDBB26FE5ED100A69F79 /* ViewController.swift in Sources */ = {isa = PBXBuildFile; fileRef = 171FCDBA26FE5ED100A69F79 /* ViewController.swift */; };
		171FCDBE26FE5ED100A69F79 /* Main.storyboard in Resources */ = {isa = PBXBuildFile; fileRef = 171FCDBC26FE5ED100A69F79 /* Main.storyboard */; };
		171FCDC026FE5ED200A69F79 /* Assets.xcassets in Resources */ = {isa = PBXBuildFile; fileRef = 171FCDBF26FE5ED200A69F79 /* Assets.xcassets */; };
		171FCDC326FE5ED200A69F79 /* LaunchScreen.storyboard in Resources */ = {isa = PBXBuildFile; fileRef = 171FCDC126FE5ED200A69F79 /* LaunchScreen.storyboard */; };
		173CF10726FE6D6C002E41A8 /* DetailTableViewController.swift in Sources */ = {isa = PBXBuildFile; fileRef = 173CF10626FE6D6C002E41A8 /* DetailTableViewController.swift */; };
/* End PBXBuildFile section */

/* Begin PBXFileReference section */
		170BFC4827012B51001D242A /* Nation.swift */ = {isa = PBXFileReference; lastKnownFileType = sourcecode.swift; path = Nation.swift; sourceTree = "<group>"; };
		171FCDB326FE5ED100A69F79 /* EU.app */ = {isa = PBXFileReference; explicitFileType = wrapper.application; includeInIndex = 0; path = EU.app; sourceTree = BUILT_PRODUCTS_DIR; };
		171FCDB626FE5ED100A69F79 /* AppDelegate.swift */ = {isa = PBXFileReference; lastKnownFileType = sourcecode.swift; path = AppDelegate.swift; sourceTree = "<group>"; };
		171FCDB826FE5ED100A69F79 /* SceneDelegate.swift */ = {isa = PBXFileReference; lastKnownFileType = sourcecode.swift; path = SceneDelegate.swift; sourceTree = "<group>"; };
		171FCDBA26FE5ED100A69F79 /* ViewController.swift */ = {isa = PBXFileReference; lastKnownFileType = sourcecode.swift; path = ViewController.swift; sourceTree = "<group>"; };
		171FCDBD26FE5ED100A69F79 /* Base */ = {isa = PBXFileReference; lastKnownFileType = file.storyboard; name = Base; path = Base.lproj/Main.storyboard; sourceTree = "<group>"; };
		171FCDBF26FE5ED200A69F79 /* Assets.xcassets */ = {isa = PBXFileReference; lastKnownFileType = folder.assetcatalog; path = Assets.xcassets; sourceTree = "<group>"; };
		171FCDC226FE5ED200A69F79 /* Base */ = {isa = PBXFileReference; lastKnownFileType = file.storyboard; name = Base; path = Base.lproj/LaunchScreen.storyboard; sourceTree = "<group>"; };
		171FCDC426FE5ED200A69F79 /* Info.plist */ = {isa = PBXFileReference; lastKnownFileType = text.plist.xml; path = Info.plist; sourceTree = "<group>"; };
		173CF10626FE6D6C002E41A8 /* DetailTableViewController.swift */ = {isa = PBXFileReference; lastKnownFileType = sourcecode.swift; path = DetailTableViewController.swift; sourceTree = "<group>"; };
/* End PBXFileReference section */

/* Begin PBXFrameworksBuildPhase section */
		171FCDB026FE5ED100A69F79 /* Frameworks */ = {
			isa = PBXFrameworksBuildPhase;
			buildActionMask = 2147483647;
			files = (
			);
			runOnlyForDeploymentPostprocessing = 0;
		};
/* End PBXFrameworksBuildPhase section */

/* Begin PBXGroup section */
		171FCDAA26FE5ED100A69F79 = {
			isa = PBXGroup;
			children = (
				171FCDB526FE5ED100A69F79 /* EU */,
				171FCDB426FE5ED100A69F79 /* Products */,
			);
			sourceTree = "<group>";
		};
		171FCDB426FE5ED100A69F79 /* Products */ = {
			isa = PBXGroup;
			children = (
				171FCDB326FE5ED100A69F79 /* EU.app */,
			);
			name = Products;
			sourceTree = "<group>";
		};
		171FCDB526FE5ED100A69F79 /* EU */ = {
			isa = PBXGroup;
			children = (
				171FCDB626FE5ED100A69F79 /* AppDelegate.swift */,
				171FCDB826FE5ED100A69F79 /* SceneDelegate.swift */,
				170BFC4827012B51001D242A /* Nation.swift */,
				171FCDBA26FE5ED100A69F79 /* ViewController.swift */,
				173CF10626FE6D6C002E41A8 /* DetailTableViewController.swift */,
				171FCDBC26FE5ED100A69F79 /* Main.storyboard */,
				171FCDBF26FE5ED200A69F79 /* Assets.xcassets */,
				171FCDC126FE5ED200A69F79 /* LaunchScreen.storyboard */,
				171FCDC426FE5ED200A69F79 /* Info.plist */,
			);
			path = EU;
			sourceTree = "<group>";
		};
/* End PBXGroup section */

/* Begin PBXNativeTarget section */
		171FCDB226FE5ED100A69F79 /* EU */ = {
			isa = PBXNativeTarget;
			buildConfigurationList = 171FCDC726FE5ED200A69F79 /* Build configuration list for PBXNativeTarget "EU" */;
			buildPhases = (
				171FCDAF26FE5ED100A69F79 /* Sources */,
				171FCDB026FE5ED100A69F79 /* Frameworks */,
				171FCDB126FE5ED100A69F79 /* Resources */,
			);
			buildRules = (
			);
			dependencies = (
			);
			name = EU;
			productName = EU;
			productReference = 171FCDB326FE5ED100A69F79 /* EU.app */;
			productType = "com.apple.product-type.application";
		};
/* End PBXNativeTarget section */

/* Begin PBXProject section */
		171FCDAB26FE5ED100A69F79 /* Project object */ = {
			isa = PBXProject;
			attributes = {
				LastSwiftUpdateCheck = 1250;
				LastUpgradeCheck = 1250;
				TargetAttributes = {
					171FCDB226FE5ED100A69F79 = {
						CreatedOnToolsVersion = 12.5;
					};
				};
			};
			buildConfigurationList = 171FCDAE26FE5ED100A69F79 /* Build configuration list for PBXProject "EU" */;
			compatibilityVersion = "Xcode 9.3";
			developmentRegion = en;
			hasScannedForEncodings = 0;
			knownRegions = (
				en,
				Base,
			);
			mainGroup = 171FCDAA26FE5ED100A69F79;
			productRefGroup = 171FCDB426FE5ED100A69F79 /* Products */;
			projectDirPath = "";
			projectRoot = "";
			targets = (
				171FCDB226FE5ED100A69F79 /* EU */,
			);
		};
/* End PBXProject section */

/* Begin PBXResourcesBuildPhase section */
		171FCDB126FE5ED100A69F79 /* Resources */ = {
			isa = PBXResourcesBuildPhase;
			buildActionMask = 2147483647;
			files = (
				171FCDC326FE5ED200A69F79 /* LaunchScreen.storyboard in Resources */,
				171FCDC026FE5ED200A69F79 /* Assets.xcassets in Resources */,
				171FCDBE26FE5ED100A69F79 /* Main.storyboard in Resources */,
			);
			runOnlyForDeploymentPostprocessing = 0;
		};
/* End PBXResourcesBuildPhase section */

/* Begin PBXSourcesBuildPhase section */
		171FCDAF26FE5ED100A69F79 /* Sources */ = {
			isa = PBXSourcesBuildPhase;
			buildActionMask = 2147483647;
			files = (
				173CF10726FE6D6C002E41A8 /* DetailTableViewController.swift in Sources */,
				171FCDBB26FE5ED100A69F79 /* ViewController.swift in Sources */,
				170BFC4927012B51001D242A /* Nation.swift in Sources */,
				171FCDB726FE5ED100A69F79 /* AppDelegate.swift in Sources */,
				171FCDB926FE5ED100A69F79 /* SceneDelegate.swift in Sources */,
			);
			runOnlyForDeploymentPostprocessing = 0;
		};
/* End PBXSourcesBuildPhase section */

/* Begin PBXVariantGroup section */
		171FCDBC26FE5ED100A69F79 /* Main.storyboard */ = {
			isa = PBXVariantGroup;
			children = (
				171FCDBD26FE5ED100A69F79 /* Base */,
			);
			name = Main.storyboard;
			sourceTree = "<group>";
		};
		171FCDC126FE5ED200A69F79 /* LaunchScreen.storyboard */ = {
			isa = PBXVariantGroup;
			children = (
				171FCDC226FE5ED200A69F79 /* Base */,
			);
			name = LaunchScreen.storyboard;
			sourceTree = "<group>";
		};
/* End PBXVariantGroup section */

/* Begin XCBuildConfiguration section */
		171FCDC526FE5ED200A69F79 /* Debug */ = {
			isa = XCBuildConfiguration;
			buildSettings = {
				ALWAYS_SEARCH_USER_PATHS = NO;
				CLANG_ANALYZER_NONNULL = YES;
				CLANG_ANALYZER_NUMBER_OBJECT_CONVERSION = YES_AGGRESSIVE;
				CLANG_CXX_LANGUAGE_STANDARD = "gnu++14";
				CLANG_CXX_LIBRARY = "libc++";
				CLANG_ENABLE_MODULES = YES;
				CLANG_ENABLE_OBJC_ARC = YES;
				CLANG_ENABLE_OBJC_WEAK = YES;
				CLANG_WARN_BLOCK_CAPTURE_AUTORELEASING = YES;
				CLANG_WARN_BOOL_CONVERSION = YES;
				CLANG_WARN_COMMA = YES;
				CLANG_WARN_CONSTANT_CONVERSION = YES;
				CLANG_WARN_DEPRECATED_OBJC_IMPLEMENTATIONS = YES;
				CLANG_WARN_DIRECT_OBJC_ISA_USAGE = YES_ERROR;
				CLANG_WARN_DOCUMENTATION_COMMENTS = YES;
				CLANG_WARN_EMPTY_BODY = YES;
				CLANG_WARN_ENUM_CONVERSION = YES;
				CLANG_WARN_INFINITE_RECURSION = YES;
				CLANG_WARN_INT_CONVERSION = YES;
				CLANG_WARN_NON_LITERAL_NULL_CONVERSION = YES;
				CLANG_WARN_OBJC_IMPLICIT_RETAIN_SELF = YES;
				CLANG_WARN_OBJC_LITERAL_CONVERSION = YES;
				CLANG_WARN_OBJC_ROOT_CLASS = YES_ERROR;
				CLANG_WARN_QUOTED_INCLUDE_IN_FRAMEWORK_HEADER = YES;
				CLANG_WARN_RANGE_LOOP_ANALYSIS = YES;
				CLANG_WARN_STRICT_PROTOTYPES = YES;
				CLANG_WARN_SUSPICIOUS_MOVE = YES;
				CLANG_WARN_UNGUARDED_AVAILABILITY = YES_AGGRESSIVE;
				CLANG_WARN_UNREACHABLE_CODE = YES;
				CLANG_WARN__DUPLICATE_METHOD_MATCH = YES;
				COPY_PHASE_STRIP = NO;
				DEBUG_INFORMATION_FORMAT = dwarf;
				ENABLE_STRICT_OBJC_MSGSEND = YES;
				ENABLE_TESTABILITY = YES;
				GCC_C_LANGUAGE_STANDARD = gnu11;
				GCC_DYNAMIC_NO_PIC = NO;
				GCC_NO_COMMON_BLOCKS = YES;
				GCC_OPTIMIZATION_LEVEL = 0;
				GCC_PREPROCESSOR_DEFINITIONS = (
					"DEBUG=1",
					"$(inherited)",
				);
				GCC_WARN_64_TO_32_BIT_CONVERSION = YES;
				GCC_WARN_ABOUT_RETURN_TYPE = YES_ERROR;
				GCC_WARN_UNDECLARED_SELECTOR = YES;
				GCC_WARN_UNINITIALIZED_AUTOS = YES_AGGRESSIVE;
				GCC_WARN_UNUSED_FUNCTION = YES;
				GCC_WARN_UNUSED_VARIABLE = YES;
				IPHONEOS_DEPLOYMENT_TARGET = 14.5;
				MTL_ENABLE_DEBUG_INFO = INCLUDE_SOURCE;
				MTL_FAST_MATH = YES;
				ONLY_ACTIVE_ARCH = YES;
				SDKROOT = iphoneos;
				SWIFT_ACTIVE_COMPILATION_CONDITIONS = DEBUG;
				SWIFT_OPTIMIZATION_LEVEL = "-Onone";
			};
			name = Debug;
		};
		171FCDC626FE5ED200A69F79 /* Release */ = {
			isa = XCBuildConfiguration;
			buildSettings = {
				ALWAYS_SEARCH_USER_PATHS = NO;
				CLANG_ANALYZER_NONNULL = YES;
				CLANG_ANALYZER_NUMBER_OBJECT_CONVERSION = YES_AGGRESSIVE;
				CLANG_CXX_LANGUAGE_STANDARD = "gnu++14";
				CLANG_CXX_LIBRARY = "libc++";
				CLANG_ENABLE_MODULES = YES;
				CLANG_ENABLE_OBJC_ARC = YES;
				CLANG_ENABLE_OBJC_WEAK = YES;
				CLANG_WARN_BLOCK_CAPTURE_AUTORELEASING = YES;
				CLANG_WARN_BOOL_CONVERSION = YES;
				CLANG_WARN_COMMA = YES;
				CLANG_WARN_CONSTANT_CONVERSION = YES;
				CLANG_WARN_DEPRECATED_OBJC_IMPLEMENTATIONS = YES;
				CLANG_WARN_DIRECT_OBJC_ISA_USAGE = YES_ERROR;
				CLANG_WARN_DOCUMENTATION_COMMENTS = YES;
				CLANG_WARN_EMPTY_BODY = YES;
				CLANG_WARN_ENUM_CONVERSION = YES;
				CLANG_WARN_INFINITE_RECURSION = YES;
				CLANG_WARN_INT_CONVERSION = YES;
				CLANG_WARN_NON_LITERAL_NULL_CONVERSION = YES;
				CLANG_WARN_OBJC_IMPLICIT_RETAIN_SELF = YES;
				CLANG_WARN_OBJC_LITERAL_CONVERSION = YES;
				CLANG_WARN_OBJC_ROOT_CLASS = YES_ERROR;
				CLANG_WARN_QUOTED_INCLUDE_IN_FRAMEWORK_HEADER = YES;
				CLANG_WARN_RANGE_LOOP_ANALYSIS = YES;
				CLANG_WARN_STRICT_PROTOTYPES = YES;
				CLANG_WARN_SUSPICIOUS_MOVE = YES;
				CLANG_WARN_UNGUARDED_AVAILABILITY = YES_AGGRESSIVE;
				CLANG_WARN_UNREACHABLE_CODE = YES;
				CLANG_WARN__DUPLICATE_METHOD_MATCH = YES;
				COPY_PHASE_STRIP = NO;
				DEBUG_INFORMATION_FORMAT = "dwarf-with-dsym";
				ENABLE_NS_ASSERTIONS = NO;
				ENABLE_STRICT_OBJC_MSGSEND = YES;
				GCC_C_LANGUAGE_STANDARD = gnu11;
				GCC_NO_COMMON_BLOCKS = YES;
				GCC_WARN_64_TO_32_BIT_CONVERSION = YES;
				GCC_WARN_ABOUT_RETURN_TYPE = YES_ERROR;
				GCC_WARN_UNDECLARED_SELECTOR = YES;
				GCC_WARN_UNINITIALIZED_AUTOS = YES_AGGRESSIVE;
				GCC_WARN_UNUSED_FUNCTION = YES;
				GCC_WARN_UNUSED_VARIABLE = YES;
				IPHONEOS_DEPLOYMENT_TARGET = 14.5;
				MTL_ENABLE_DEBUG_INFO = NO;
				MTL_FAST_MATH = YES;
				SDKROOT = iphoneos;
				SWIFT_COMPILATION_MODE = wholemodule;
				SWIFT_OPTIMIZATION_LEVEL = "-O";
				VALIDATE_PRODUCT = YES;
			};
			name = Release;
		};
		171FCDC826FE5ED200A69F79 /* Debug */ = {
			isa = XCBuildConfiguration;
			buildSettings = {
				ASSETCATALOG_COMPILER_APPICON_NAME = AppIcon;
				ASSETCATALOG_COMPILER_GLOBAL_ACCENT_COLOR_NAME = AccentColor;
				CODE_SIGN_STYLE = Automatic;
				DEVELOPMENT_TEAM = W49922GG7X;
				INFOPLIST_FILE = EU/Info.plist;
				LD_RUNPATH_SEARCH_PATHS = (
					"$(inherited)",
					"@executable_path/Frameworks",
				);
				PRODUCT_BUNDLE_IDENTIFIER = com.mekus.EU;
				PRODUCT_NAME = "$(TARGET_NAME)";
				SWIFT_VERSION = 5.0;
				TARGETED_DEVICE_FAMILY = "1,2";
			};
			name = Debug;
		};
		171FCDC926FE5ED200A69F79 /* Release */ = {
			isa = XCBuildConfiguration;
			buildSettings = {
				ASSETCATALOG_COMPILER_APPICON_NAME = AppIcon;
				ASSETCATALOG_COMPILER_GLOBAL_ACCENT_COLOR_NAME = AccentColor;
				CODE_SIGN_STYLE = Automatic;
				DEVELOPMENT_TEAM = W49922GG7X;
				INFOPLIST_FILE = EU/Info.plist;
				LD_RUNPATH_SEARCH_PATHS = (
					"$(inherited)",
					"@executable_path/Frameworks",
				);
				PRODUCT_BUNDLE_IDENTIFIER = com.mekus.EU;
				PRODUCT_NAME = "$(TARGET_NAME)";
				SWIFT_VERSION = 5.0;
				TARGETED_DEVICE_FAMILY = "1,2";
			};
			name = Release;
		};
/* End XCBuildConfiguration section */

/* Begin XCConfigurationList section */
		171FCDAE26FE5ED100A69F79 /* Build configuration list for PBXProject "EU" */ = {
			isa = XCConfigurationList;
			buildConfigurations = (
				171FCDC526FE5ED200A69F79 /* Debug */,
				171FCDC626FE5ED200A69F79 /* Release */,
			);
			defaultConfigurationIsVisible = 0;
			defaultConfigurationName = Release;
		};
		171FCDC726FE5ED200A69F79 /* Build configuration list for PBXNativeTarget "EU" */ = {
			isa = XCConfigurationList;
			buildConfigurations = (
				171FCDC826FE5ED200A69F79 /* Debug */,
				171FCDC926FE5ED200A69F79 /* Release */,
			);
			defaultConfigurationIsVisible = 0;
			defaultConfigurationName = Release;
		};
/* End XCConfigurationList section */
	};
	rootObject = 171FCDAB26FE5ED100A69F79 /* Project object */;
}
